
Microsoft Visual Studio Solution File, Format Version 12.00
# Visual Studio Version 17
VisualStudioVersion = 17.3.32901.215
MinimumVisualStudioVersion = 10.0.40219.1
Project("{9A19103F-16F7-4668-BE54-9A1E7A4F7556}") = "Serverless.Api", "src\Serverless.Api\Serverless.Api.csproj", "{863F0822-E94B-46B5-B646-229666623FE3}"
EndProject
Project("{9A19103F-16F7-4668-BE54-9A1E7A4F7556}") = "Serverless.Api.Controllers", "src\Serverless.Api.Controllers\Serverless.Api.Controllers.csproj", "{90617A76-9CE0-4536-ABB1-EEE9770910D4}"
EndProject
Project("{2150E333-8FDC-42A3-9474-1A3956D46DE8}") = "application", "application", "{75434B84-08E2-432F-A108-0E5177C8D713}"
EndProject
Project("{9A19103F-16F7-4668-BE54-9A1E7A4F7556}") = "Serverless.Api.Common", "src\Serverless.Api.Common\Serverless.Api.Common.csproj", "{E4149CF7-2906-4D99-BA40-DF39BF52FD72}"
EndProject
Project("{9A19103F-16F7-4668-BE54-9A1E7A4F7556}") = "Serverless.Api.Models", "src\Serverless.Api.Models\Serverless.Api.Models.csproj", "{C1A3A97B-DE03-4AA5-87C1-6F2F4C2ECF19}"
EndProject
Project("{2150E333-8FDC-42A3-9474-1A3956D46DE8}") = "configuration", "configuration", "{45212688-ADFA-4DE0-9209-E812D6F28D8A}"
EndProject
Project("{9A19103F-16F7-4668-BE54-9A1E7A4F7556}") = "Serverless.Api.Middleware", "src\Serverless.Api.Middleware\Serverless.Api.Middleware.csproj", "{A868CE6C-BB6D-431D-AB94-0A19DD3F51B8}"
EndProject
Project("{2150E333-8FDC-42A3-9474-1A3956D46DE8}") = "middleware", "middleware", "{B3EB085D-ABDB-4B3F-A7B5-B53F37432BDA}"
EndProject
Global
	GlobalSection(SolutionConfigurationPlatforms) = preSolution
		Debug|Any CPU = Debug|Any CPU
		Release|Any CPU = Release|Any CPU
	EndGlobalSection
	GlobalSection(ProjectConfigurationPlatforms) = postSolution
		{863F0822-E94B-46B5-B646-229666623FE3}.Debug|Any CPU.ActiveCfg = Debug|Any CPU
		{863F0822-E94B-46B5-B646-229666623FE3}.Debug|Any CPU.Build.0 = Debug|Any CPU
		{863F0822-E94B-46B5-B646-229666623FE3}.Release|Any CPU.ActiveCfg = Release|Any CPU
		{863F0822-E94B-46B5-B646-229666623FE3}.Release|Any CPU.Build.0 = Release|Any CPU
		{90617A76-9CE0-4536-ABB1-EEE9770910D4}.Debug|Any CPU.ActiveCfg = Debug|Any CPU
		{90617A76-9CE0-4536-ABB1-EEE9770910D4}.Debug|Any CPU.Build.0 = Debug|Any CPU
		{90617A76-9CE0-4536-ABB1-EEE9770910D4}.Release|Any CPU.ActiveCfg = Release|Any CPU
		{90617A76-9CE0-4536-ABB1-EEE9770910D4}.Release|Any CPU.Build.0 = Release|Any CPU
		{E4149CF7-2906-4D99-BA40-DF39BF52FD72}.Debug|Any CPU.ActiveCfg = Debug|Any CPU
		{E4149CF7-2906-4D99-BA40-DF39BF52FD72}.Debug|Any CPU.Build.0 = Debug|Any CPU
		{E4149CF7-2906-4D99-BA40-DF39BF52FD72}.Release|Any CPU.ActiveCfg = Release|Any CPU
		{E4149CF7-2906-4D99-BA40-DF39BF52FD72}.Release|Any CPU.Build.0 = Release|Any CPU
		{C1A3A97B-DE03-4AA5-87C1-6F2F4C2ECF19}.Debug|Any CPU.ActiveCfg = Debug|Any CPU
		{C1A3A97B-DE03-4AA5-87C1-6F2F4C2ECF19}.Debug|Any CPU.Build.0 = Debug|Any CPU
		{C1A3A97B-DE03-4AA5-87C1-6F2F4C2ECF19}.Release|Any CPU.ActiveCfg = Release|Any CPU
		{C1A3A97B-DE03-4AA5-87C1-6F2F4C2ECF19}.Release|Any CPU.Build.0 = Release|Any CPU
		{A868CE6C-BB6D-431D-AB94-0A19DD3F51B8}.Debug|Any CPU.ActiveCfg = Debug|Any CPU
		{A868CE6C-BB6D-431D-AB94-0A19DD3F51B8}.Debug|Any CPU.Build.0 = Debug|Any CPU
		{A868CE6C-BB6D-431D-AB94-0A19DD3F51B8}.Release|Any CPU.ActiveCfg = Release|Any CPU
		{A868CE6C-BB6D-431D-AB94-0A19DD3F51B8}.Release|Any CPU.Build.0 = Release|Any CPU
	EndGlobalSection
	GlobalSection(SolutionProperties) = preSolution
		HideSolutionNode = FALSE
	EndGlobalSection
	GlobalSection(NestedProjects) = preSolution
		{863F0822-E94B-46B5-B646-229666623FE3} = {75434B84-08E2-432F-A108-0E5177C8D713}
		{90617A76-9CE0-4536-ABB1-EEE9770910D4} = {75434B84-08E2-432F-A108-0E5177C8D713}
		{E4149CF7-2906-4D99-BA40-DF39BF52FD72} = {45212688-ADFA-4DE0-9209-E812D6F28D8A}
		{C1A3A97B-DE03-4AA5-87C1-6F2F4C2ECF19} = {75434B84-08E2-432F-A108-0E5177C8D713}
		{A868CE6C-BB6D-431D-AB94-0A19DD3F51B8} = {B3EB085D-ABDB-4B3F-A7B5-B53F37432BDA}
	EndGlobalSection
	GlobalSection(ExtensibilityGlobals) = postSolution
		SolutionGuid = {B666DD19-6218-461D-A724-EE12591EDA4A}
	EndGlobalSection
EndGlobal
